
Microsoft Visual Studio Solution File, Format Version 12.00
# Visual Studio Version 17
VisualStudioVersion = 17.14.36414.22 d17.14
MinimumVisualStudioVersion = 10.0.40219.1
Project("{FAE04EC0-301F-11D3-BF4B-00C04F79EFBC}") = "JogoDaVelha", "JogoDaVelha\JogoDaVelha.csproj", "{67F75F6C-ED15-42D2-AC7C-DAF54C0353B3}"
EndProject
Global
	GlobalSection(SolutionConfigurationPlatforms) = preSolution
		Debug|Any CPU = Debug|Any CPU
		Release|Any CPU = Release|Any CPU
	EndGlobalSection
	GlobalSection(ProjectConfigurationPlatforms) = postSolution
		{67F75F6C-ED15-42D2-AC7C-DAF54C0353B3}.Debug|Any CPU.ActiveCfg = Debug|Any CPU
		{67F75F6C-ED15-42D2-AC7C-DAF54C0353B3}.Debug|Any CPU.Build.0 = Debug|Any CPU
		{67F75F6C-ED15-42D2-AC7C-DAF54C0353B3}.Release|Any CPU.ActiveCfg = Release|Any CPU
		{67F75F6C-ED15-42D2-AC7C-DAF54C0353B3}.Release|Any CPU.Build.0 = Release|Any CPU
	EndGlobalSection
	GlobalSection(SolutionProperties) = preSolution
		HideSolutionNode = FALSE
	EndGlobalSection
	GlobalSection(ExtensibilityGlobals) = postSolution
		SolutionGuid = {BDC66951-78F8-4E3F-A03E-73A54ED081D7}
	EndGlobalSection
EndGlobal
